
Microsoft Visual Studio Solution File, Format Version 12.00
# Visual Studio Version 17
VisualStudioVersion = 17.14.36623.8 d17.14
MinimumVisualStudioVersion = 10.0.40219.1
Project("{FAE04EC0-301F-11D3-BF4B-00C04F79EFBC}") = "WINFORMS-VLCClient", "WINFORMS-VLCClient.csproj", "{4C3B0641-25A8-463C-9E6E-9EDE6A31DB54}"
EndProject
Global
	GlobalSection(SolutionConfigurationPlatforms) = preSolution
		Debug|Any CPU = Debug|Any CPU
		Release|Any CPU = Release|Any CPU
	EndGlobalSection
	GlobalSection(ProjectConfigurationPlatforms) = postSolution
		{4C3B0641-25A8-463C-9E6E-9EDE6A31DB54}.Debug|Any CPU.ActiveCfg = Debug|Any CPU
		{4C3B0641-25A8-463C-9E6E-9EDE6A31DB54}.Debug|Any CPU.Build.0 = Debug|Any CPU
		{4C3B0641-25A8-463C-9E6E-9EDE6A31DB54}.Release|Any CPU.ActiveCfg = Release|Any CPU
		{4C3B0641-25A8-463C-9E6E-9EDE6A31DB54}.Release|Any CPU.Build.0 = Release|Any CPU
	EndGlobalSection
	GlobalSection(SolutionProperties) = preSolution
		HideSolutionNode = FALSE
	EndGlobalSection
	GlobalSection(ExtensibilityGlobals) = postSolution
		SolutionGuid = {E51E5820-CE0E-465F-ABA9-2D387EFFD5F2}
	EndGlobalSection
EndGlobal
